version = 1
requires-python = ">=3.11"

[[package]]
name = "leetcode"
version = "0.1.0"
source = { virtual = "." }

[package.dev-dependencies]
dev = [
    { name = "mypy" },
    { name = "ruff" },
]

[package.metadata]

[package.metadata.requires-dev]
dev = [
    { name = "mypy", specifier = ">=1.14.1" },
    { name = "ruff", specifier = ">=0.8.5" },
]

[[package]]
name = "mypy"
version = "1.14.1"
source = { registry = "https://pypi.org/simple" }
dependencies = [
    { name = "mypy-extensions" },
    { name = "typing-extensions" },
]
sdist = { url = "https://files.pythonhosted.org/packages/b9/eb/2c92d8ea1e684440f54fa49ac5d9a5f19967b7b472a281f419e69a8d228e/mypy-1.14.1.tar.gz", hash = "sha256:7ec88144fe9b510e8475ec2f5f251992690fcf89ccb4500b214b4226abcd32d6", size = 3216051 }
wheels = [
    { url = "https://files.pythonhosted.org/packages/da/11/a9422850fd506edbcdc7f6090682ecceaf1f87b9dd847f9df79942da8506/mypy-1.14.1-cp311-cp311-macosx_10_9_x86_64.whl", hash = "sha256:f995e511de847791c3b11ed90084a7a0aafdc074ab88c5a9711622fe4751138c", size = 11120432 },
    { url = "https://files.pythonhosted.org/packages/b6/9e/47e450fd39078d9c02d620545b2cb37993a8a8bdf7db3652ace2f80521ca/mypy-1.14.1-cp311-cp311-macosx_11_0_arm64.whl", hash = "sha256:d64169ec3b8461311f8ce2fd2eb5d33e2d0f2c7b49116259c51d0d96edee48d1", size = 10279515 },
    { url = "https://files.pythonhosted.org/packages/01/b5/6c8d33bd0f851a7692a8bfe4ee75eb82b6983a3cf39e5e32a5d2a723f0c1/mypy-1.14.1-cp311-cp311-manylinux_2_17_aarch64.manylinux2014_aarch64.manylinux_2_28_aarch64.whl", hash = "sha256:ba24549de7b89b6381b91fbc068d798192b1b5201987070319889e93038967a8", size = 12025791 },
    { url = "https://files.pythonhosted.org/packages/f0/4c/e10e2c46ea37cab5c471d0ddaaa9a434dc1d28650078ac1b56c2d7b9b2e4/mypy-1.14.1-cp311-cp311-manylinux_2_17_x86_64.manylinux2014_x86_64.manylinux_2_28_x86_64.whl", hash = "sha256:183cf0a45457d28ff9d758730cd0210419ac27d4d3f285beda038c9083363b1f", size = 12749203 },
    { url = "https://files.pythonhosted.org/packages/88/55/beacb0c69beab2153a0f57671ec07861d27d735a0faff135a494cd4f5020/mypy-1.14.1-cp311-cp311-musllinux_1_2_x86_64.whl", hash = "sha256:f2a0ecc86378f45347f586e4163d1769dd81c5a223d577fe351f26b179e148b1", size = 12885900 },
    { url = "https://files.pythonhosted.org/packages/a2/75/8c93ff7f315c4d086a2dfcde02f713004357d70a163eddb6c56a6a5eff40/mypy-1.14.1-cp311-cp311-win_amd64.whl", hash = "sha256:ad3301ebebec9e8ee7135d8e3109ca76c23752bac1e717bc84cd3836b4bf3eae", size = 9777869 },
    { url = "https://files.pythonhosted.org/packages/43/1b/b38c079609bb4627905b74fc6a49849835acf68547ac33d8ceb707de5f52/mypy-1.14.1-cp312-cp312-macosx_10_13_x86_64.whl", hash = "sha256:30ff5ef8519bbc2e18b3b54521ec319513a26f1bba19a7582e7b1f58a6e69f14", size = 11266668 },
    { url = "https://files.pythonhosted.org/packages/6b/75/2ed0d2964c1ffc9971c729f7a544e9cd34b2cdabbe2d11afd148d7838aa2/mypy-1.14.1-cp312-cp312-macosx_11_0_arm64.whl", hash = "sha256:cb9f255c18052343c70234907e2e532bc7e55a62565d64536dbc7706a20b78b9", size = 10254060 },
    { url = "https://files.pythonhosted.org/packages/a1/5f/7b8051552d4da3c51bbe8fcafffd76a6823779101a2b198d80886cd8f08e/mypy-1.14.1-cp312-cp312-manylinux_2_17_aarch64.manylinux2014_aarch64.manylinux_2_28_aarch64.whl", hash = "sha256:8b4e3413e0bddea671012b063e27591b953d653209e7a4fa5e48759cda77ca11", size = 11933167 },
    { url = "https://files.pythonhosted.org/packages/04/90/f53971d3ac39d8b68bbaab9a4c6c58c8caa4d5fd3d587d16f5927eeeabe1/mypy-1.14.1-cp312-cp312-manylinux_2_17_x86_64.manylinux2014_x86_64.manylinux_2_28_x86_64.whl", hash = "sha256:553c293b1fbdebb6c3c4030589dab9fafb6dfa768995a453d8a5d3b23784af2e", size = 12864341 },
    { url = "https://files.pythonhosted.org/packages/03/d2/8bc0aeaaf2e88c977db41583559319f1821c069e943ada2701e86d0430b7/mypy-1.14.1-cp312-cp312-musllinux_1_2_x86_64.whl", hash = "sha256:fad79bfe3b65fe6a1efaed97b445c3d37f7be9fdc348bdb2d7cac75579607c89", size = 12972991 },
    { url = "https://files.pythonhosted.org/packages/6f/17/07815114b903b49b0f2cf7499f1c130e5aa459411596668267535fe9243c/mypy-1.14.1-cp312-cp312-win_amd64.whl", hash = "sha256:8fa2220e54d2946e94ab6dbb3ba0a992795bd68b16dc852db33028df2b00191b", size = 9879016 },
    { url = "https://files.pythonhosted.org/packages/9e/15/bb6a686901f59222275ab228453de741185f9d54fecbaacec041679496c6/mypy-1.14.1-cp313-cp313-macosx_10_13_x86_64.whl", hash = "sha256:92c3ed5afb06c3a8e188cb5da4984cab9ec9a77ba956ee419c68a388b4595255", size = 11252097 },
    { url = "https://files.pythonhosted.org/packages/f8/b3/8b0f74dfd072c802b7fa368829defdf3ee1566ba74c32a2cb2403f68024c/mypy-1.14.1-cp313-cp313-macosx_11_0_arm64.whl", hash = "sha256:dbec574648b3e25f43d23577309b16534431db4ddc09fda50841f1e34e64ed34", size = 10239728 },
    { url = "https://files.pythonhosted.org/packages/c5/9b/4fd95ab20c52bb5b8c03cc49169be5905d931de17edfe4d9d2986800b52e/mypy-1.14.1-cp313-cp313-manylinux_2_17_aarch64.manylinux2014_aarch64.manylinux_2_28_aarch64.whl", hash = "sha256:8c6d94b16d62eb3e947281aa7347d78236688e21081f11de976376cf010eb31a", size = 11924965 },
    { url = "https://files.pythonhosted.org/packages/56/9d/4a236b9c57f5d8f08ed346914b3f091a62dd7e19336b2b2a0d85485f82ff/mypy-1.14.1-cp313-cp313-manylinux_2_17_x86_64.manylinux2014_x86_64.manylinux_2_28_x86_64.whl", hash = "sha256:d4b19b03fdf54f3c5b2fa474c56b4c13c9dbfb9a2db4370ede7ec11a2c5927d9", size = 12867660 },
    { url = "https://files.pythonhosted.org/packages/40/88/a61a5497e2f68d9027de2bb139c7bb9abaeb1be1584649fa9d807f80a338/mypy-1.14.1-cp313-cp313-musllinux_1_2_x86_64.whl", hash = "sha256:0c911fde686394753fff899c409fd4e16e9b294c24bfd5e1ea4675deae1ac6fd", size = 12969198 },
    { url = "https://files.pythonhosted.org/packages/54/da/3d6fc5d92d324701b0c23fb413c853892bfe0e1dbe06c9138037d459756b/mypy-1.14.1-cp313-cp313-win_amd64.whl", hash = "sha256:8b21525cb51671219f5307be85f7e646a153e5acc656e5cebf64bfa076c50107", size = 9885276 },
    { url = "https://files.pythonhosted.org/packages/a0/b5/32dd67b69a16d088e533962e5044e51004176a9952419de0370cdaead0f8/mypy-1.14.1-py3-none-any.whl", hash = "sha256:b66a60cc4073aeb8ae00057f9c1f64d49e90f918fbcef9a977eb121da8b8f1d1", size = 2752905 },
]

[[package]]
name = "mypy-extensions"
version = "1.0.0"
source = { registry = "https://pypi.org/simple" }
sdist = { url = "https://files.pythonhosted.org/packages/98/a4/1ab47638b92648243faf97a5aeb6ea83059cc3624972ab6b8d2316078d3f/mypy_extensions-1.0.0.tar.gz", hash = "sha256:75dbf8955dc00442a438fc4d0666508a9a97b6bd41aa2f0ffe9d2f2725af0782", size = 4433 }
wheels = [
    { url = "https://files.pythonhosted.org/packages/2a/e2/5d3f6ada4297caebe1a2add3b126fe800c96f56dbe5d1988a2cbe0b267aa/mypy_extensions-1.0.0-py3-none-any.whl", hash = "sha256:4392f6c0eb8a5668a69e23d168ffa70f0be9ccfd32b5cc2d26a34ae5b844552d", size = 4695 },
]

[[package]]
name = "ruff"
version = "0.8.5"
source = { registry = "https://pypi.org/simple" }
sdist = { url = "https://files.pythonhosted.org/packages/25/5d/4b5403f3e89837decfd54c51bea7f94b7d3fae77e08858603d0e04d7ad17/ruff-0.8.5.tar.gz", hash = "sha256:1098d36f69831f7ff2a1da3e6407d5fbd6dfa2559e4f74ff2d260c5588900317", size = 3454835 }
wheels = [
    { url = "https://files.pythonhosted.org/packages/73/f8/03391745a703ce11678eb37c48ae89ec60396ea821e9d0bcea7c8e88fd91/ruff-0.8.5-py3-none-linux_armv6l.whl", hash = "sha256:5ad11a5e3868a73ca1fa4727fe7e33735ea78b416313f4368c504dbeb69c0f88", size = 10626889 },
    { url = "https://files.pythonhosted.org/packages/55/74/83bb74a44183b904216f3edfb9995b89830c83aaa6ce84627f74da0e0cf8/ruff-0.8.5-py3-none-macosx_10_12_x86_64.whl", hash = "sha256:f69ab37771ea7e0715fead8624ec42996d101269a96e31f4d31be6fc33aa19b7", size = 10398233 },
    { url = "https://files.pythonhosted.org/packages/e8/7a/a162a4feb3ef85d594527165e366dde09d7a1e534186ff4ba5d127eda850/ruff-0.8.5-py3-none-macosx_11_0_arm64.whl", hash = "sha256:b5462d7804558ccff9c08fe8cbf6c14b7efe67404316696a2dde48297b1925bb", size = 10001843 },
    { url = "https://files.pythonhosted.org/packages/e7/9f/5ee5dcd135411402e35b6ec6a8dfdadbd31c5cd1c36a624d356a38d76090/ruff-0.8.5-py3-none-manylinux_2_17_aarch64.manylinux2014_aarch64.whl", hash = "sha256:d56de7220a35607f9fe59f8a6d018e14504f7b71d784d980835e20fc0611cd50", size = 10872507 },
    { url = "https://files.pythonhosted.org/packages/b6/67/db2df2dd4a34b602d7f6ebb1b3744c8157f0d3579973ffc58309c9c272e8/ruff-0.8.5-py3-none-manylinux_2_17_armv7l.manylinux2014_armv7l.whl", hash = "sha256:9d99cf80b0429cbebf31cbbf6f24f05a29706f0437c40413d950e67e2d4faca4", size = 10377200 },
    { url = "https://files.pythonhosted.org/packages/fe/ff/fe3a6a73006bced73e60d171d154a82430f61d97e787f511a24bd6302611/ruff-0.8.5-py3-none-manylinux_2_17_i686.manylinux2014_i686.whl", hash = "sha256:7b75ac29715ac60d554a049dbb0ef3b55259076181c3369d79466cb130eb5afd", size = 11433155 },
    { url = "https://files.pythonhosted.org/packages/e3/95/c1d1a1fe36658c1f3e1b47e1cd5f688b72d5786695b9e621c2c38399a95e/ruff-0.8.5-py3-none-manylinux_2_17_ppc64.manylinux2014_ppc64.whl", hash = "sha256:c9d526a62c9eda211b38463528768fd0ada25dad524cb33c0e99fcff1c67b5dc", size = 12139227 },
    { url = "https://files.pythonhosted.org/packages/1b/fe/644b70d473a27b5112ac7a3428edcc1ce0db775c301ff11aa146f71886e0/ruff-0.8.5-py3-none-manylinux_2_17_ppc64le.manylinux2014_ppc64le.whl", hash = "sha256:587c5e95007612c26509f30acc506c874dab4c4abbacd0357400bd1aa799931b", size = 11697941 },
    { url = "https://files.pythonhosted.org/packages/00/39/4f83e517ec173e16a47c6d102cd22a1aaebe80e1208a1f2e83ab9a0e4134/ruff-0.8.5-py3-none-manylinux_2_17_s390x.manylinux2014_s390x.whl", hash = "sha256:622b82bf3429ff0e346835ec213aec0a04d9730480cbffbb6ad9372014e31bbd", size = 12967686 },
    { url = "https://files.pythonhosted.org/packages/1a/f6/52a2973ff108d74b5da706a573379eea160bece098f7cfa3f35dc4622710/ruff-0.8.5-py3-none-manylinux_2_17_x86_64.manylinux2014_x86_64.whl", hash = "sha256:f99be814d77a5dac8a8957104bdd8c359e85c86b0ee0e38dca447cb1095f70fb", size = 11253788 },
    { url = "https://files.pythonhosted.org/packages/ce/1f/3b30f3c65b1303cb8e268ec3b046b77ab21ed8e26921cfc7e8232aa57f2c/ruff-0.8.5-py3-none-musllinux_1_2_aarch64.whl", hash = "sha256:c01c048f9c3385e0fd7822ad0fd519afb282af9cf1778f3580e540629df89725", size = 10860360 },
    { url = "https://files.pythonhosted.org/packages/a5/a8/2a3ea6bacead963f7aeeba0c61815d9b27b0d638e6a74984aa5cc5d27733/ruff-0.8.5-py3-none-musllinux_1_2_armv7l.whl", hash = "sha256:7512e8cb038db7f5db6aae0e24735ff9ea03bb0ed6ae2ce534e9baa23c1dc9ea", size = 10457922 },
    { url = "https://files.pythonhosted.org/packages/17/47/8f9514b670969aab57c5fc826fb500a16aee8feac1bcf8a91358f153a5ba/ruff-0.8.5-py3-none-musllinux_1_2_i686.whl", hash = "sha256:762f113232acd5b768d6b875d16aad6b00082add40ec91c927f0673a8ec4ede8", size = 10958347 },
    { url = "https://files.pythonhosted.org/packages/0d/d6/78a9af8209ad99541816d74f01ce678fc01ebb3f37dd7ab8966646dcd92b/ruff-0.8.5-py3-none-musllinux_1_2_x86_64.whl", hash = "sha256:03a90200c5dfff49e4c967b405f27fdfa81594cbb7c5ff5609e42d7fe9680da5", size = 11328882 },
    { url = "https://files.pythonhosted.org/packages/54/77/5c8072ec7afdfdf42c7a4019044486a2b6c85ee73617f8875ec94b977fed/ruff-0.8.5-py3-none-win32.whl", hash = "sha256:8710ffd57bdaa6690cbf6ecff19884b8629ec2a2a2a2f783aa94b1cc795139ed", size = 8802515 },
    { url = "https://files.pythonhosted.org/packages/bc/b6/47d2b06784de8ae992c45cceb2a30f3f205b3236a629d7ca4c0c134839a2/ruff-0.8.5-py3-none-win_amd64.whl", hash = "sha256:4020d8bf8d3a32325c77af452a9976a9ad6455773bcb94991cf15bd66b347e47", size = 9684231 },
    { url = "https://files.pythonhosted.org/packages/bf/5e/ffee22bf9f9e4b2669d1f0179ae8804584939fb6502b51f2401e26b1e028/ruff-0.8.5-py3-none-win_arm64.whl", hash = "sha256:134ae019ef13e1b060ab7136e7828a6d83ea727ba123381307eb37c6bd5e01cb", size = 9124741 },
]

[[package]]
name = "typing-extensions"
version = "4.12.2"
source = { registry = "https://pypi.org/simple" }
sdist = { url = "https://files.pythonhosted.org/packages/df/db/f35a00659bc03fec321ba8bce9420de607a1d37f8342eee1863174c69557/typing_extensions-4.12.2.tar.gz", hash = "sha256:1a7ead55c7e559dd4dee8856e3a88b41225abfe1ce8df57b7c13915fe121ffb8", size = 85321 }
wheels = [
    { url = "https://files.pythonhosted.org/packages/26/9f/ad63fc0248c5379346306f8668cda6e2e2e9c95e01216d2b8ffd9ff037d0/typing_extensions-4.12.2-py3-none-any.whl", hash = "sha256:04e5ca0351e0f3f85c6853954072df659d0d13fac324d0072316b67d7794700d", size = 37438 },
]
